
Microsoft Visual Studio Solution File, Format Version 12.00
# Visual Studio Version 17
VisualStudioVersion = 17.2.32519.379
MinimumVisualStudioVersion = 10.0.40219.1
Project("{FAE04EC0-301F-11D3-BF4B-00C04F79EFBC}") = "PlaywrightExample", "PlaywrightExample\PlaywrightExample.csproj", "{42EF9A74-4D90-4674-9082-72CF392BFD00}"
EndProject
Global
	GlobalSection(SolutionConfigurationPlatforms) = preSolution
		Debug|Any CPU = Debug|Any CPU
		Release|Any CPU = Release|Any CPU
	EndGlobalSection
	GlobalSection(ProjectConfigurationPlatforms) = postSolution
		{42EF9A74-4D90-4674-9082-72CF392BFD00}.Debug|Any CPU.ActiveCfg = Debug|Any CPU
		{42EF9A74-4D90-4674-9082-72CF392BFD00}.Debug|Any CPU.Build.0 = Debug|Any CPU
		{42EF9A74-4D90-4674-9082-72CF392BFD00}.Release|Any CPU.ActiveCfg = Release|Any CPU
		{42EF9A74-4D90-4674-9082-72CF392BFD00}.Release|Any CPU.Build.0 = Release|Any CPU
	EndGlobalSection
	GlobalSection(SolutionProperties) = preSolution
		HideSolutionNode = FALSE
	EndGlobalSection
	GlobalSection(ExtensibilityGlobals) = postSolution
		SolutionGuid = {CC4A42B6-FDC5-451E-9DD8-34356E4F6DC1}
	EndGlobalSection
EndGlobal
